
Microsoft Visual Studio Solution File, Format Version 10.00
# Visual Studio 2008
Project("{F184B08F-C81C-45F6-A57F-5ABD9991F28F}") = "Bahamut_Pic_fetcher", "Bahamut_Pic_fetcher\Bahamut_Pic_fetcher.vbproj", "{FB7934D0-A06A-4CFD-AB55-D161A5B077E5}"
EndProject
Global
	GlobalSection(SolutionConfigurationPlatforms) = preSolution
		Debug|Any CPU = Debug|Any CPU
		Release|Any CPU = Release|Any CPU
	EndGlobalSection
	GlobalSection(ProjectConfigurationPlatforms) = postSolution
		{FB7934D0-A06A-4CFD-AB55-D161A5B077E5}.Debug|Any CPU.ActiveCfg = Debug|Any CPU
		{FB7934D0-A06A-4CFD-AB55-D161A5B077E5}.Debug|Any CPU.Build.0 = Debug|Any CPU
		{FB7934D0-A06A-4CFD-AB55-D161A5B077E5}.Release|Any CPU.ActiveCfg = Release|Any CPU
		{FB7934D0-A06A-4CFD-AB55-D161A5B077E5}.Release|Any CPU.Build.0 = Release|Any CPU
	EndGlobalSection
	GlobalSection(SolutionProperties) = preSolution
		HideSolutionNode = FALSE
	EndGlobalSection
EndGlobal
